// !$*UTF8*$!
{
	archiveVersion = 1;
	classes = {
	};
	objectVersion = 46;
	objects = {

/* Begin PBXBuildFile section */
		3D244B541CC042FA00BC0BE2 /* ColorChengeView.swift in Sources */ = {isa = PBXBuildFile; fileRef = 3D244B531CC042FA00BC0BE2 /* ColorChengeView.swift */; };
		3D82D0941C9C2DB2001B4494 /* AppDelegate.swift in Sources */ = {isa = PBXBuildFile; fileRef = 3D82D0931C9C2DB2001B4494 /* AppDelegate.swift */; };
		3D82D0961C9C2DB2001B4494 /* ViewController.swift in Sources */ = {isa = PBXBuildFile; fileRef = 3D82D0951C9C2DB2001B4494 /* ViewController.swift */; };
		3D82D0991C9C2DB2001B4494 /* Main.storyboard in Resources */ = {isa = PBXBuildFile; fileRef = 3D82D0971C9C2DB2001B4494 /* Main.storyboard */; };
		3D82D09B1C9C2DB2001B4494 /* Assets.xcassets in Resources */ = {isa = PBXBuildFile; fileRef = 3D82D09A1C9C2DB2001B4494 /* Assets.xcassets */; };
		3D82D09E1C9C2DB2001B4494 /* LaunchScreen.storyboard in Resources */ = {isa = PBXBuildFile; fileRef = 3D82D09C1C9C2DB2001B4494 /* LaunchScreen.storyboard */; };
		3D96669F1CAA2A9B00F22B88 /* MYColor.swift in Sources */ = {isa = PBXBuildFile; fileRef = 3D96669E1CAA2A9B00F22B88 /* MYColor.swift */; };
		3D9666A21CAB80CA00F22B88 /* MYDirectColor.swift in Sources */ = {isa = PBXBuildFile; fileRef = 3D9666A11CAB80CA00F22B88 /* MYDirectColor.swift */; };
		3D9666A41CACCDD500F22B88 /* MYPreset.swift in Sources */ = {isa = PBXBuildFile; fileRef = 3D9666A31CACCDD500F22B88 /* MYPreset.swift */; };
		3D9666A61CB36B3700F22B88 /* ColorImageView.swift in Sources */ = {isa = PBXBuildFile; fileRef = 3D9666A51CB36B3700F22B88 /* ColorImageView.swift */; };
/* End PBXBuildFile section */

/* Begin PBXFileReference section */
		3D244B531CC042FA00BC0BE2 /* ColorChengeView.swift */ = {isa = PBXFileReference; fileEncoding = 4; lastKnownFileType = sourcecode.swift; path = ColorChengeView.swift; sourceTree = "<group>"; };
		3D82D0901C9C2DB2001B4494 /* Motion.app */ = {isa = PBXFileReference; explicitFileType = wrapper.application; includeInIndex = 0; path = Motion.app; sourceTree = BUILT_PRODUCTS_DIR; };
		3D82D0931C9C2DB2001B4494 /* AppDelegate.swift */ = {isa = PBXFileReference; lastKnownFileType = sourcecode.swift; path = AppDelegate.swift; sourceTree = "<group>"; };
		3D82D0951C9C2DB2001B4494 /* ViewController.swift */ = {isa = PBXFileReference; lastKnownFileType = sourcecode.swift; path = ViewController.swift; sourceTree = "<group>"; };
		3D82D0981C9C2DB2001B4494 /* Base */ = {isa = PBXFileReference; lastKnownFileType = file.storyboard; name = Base; path = Base.lproj/Main.storyboard; sourceTree = "<group>"; };
		3D82D09A1C9C2DB2001B4494 /* Assets.xcassets */ = {isa = PBXFileReference; lastKnownFileType = folder.assetcatalog; path = Assets.xcassets; sourceTree = "<group>"; };
		3D82D09D1C9C2DB2001B4494 /* Base */ = {isa = PBXFileReference; lastKnownFileType = file.storyboard; name = Base; path = Base.lproj/LaunchScreen.storyboard; sourceTree = "<group>"; };
		3D82D09F1C9C2DB2001B4494 /* Info.plist */ = {isa = PBXFileReference; lastKnownFileType = text.plist.xml; path = Info.plist; sourceTree = "<group>"; };
		3D96669E1CAA2A9B00F22B88 /* MYColor.swift */ = {isa = PBXFileReference; fileEncoding = 4; lastKnownFileType = sourcecode.swift; path = MYColor.swift; sourceTree = "<group>"; };
		3D9666A11CAB80CA00F22B88 /* MYDirectColor.swift */ = {isa = PBXFileReference; fileEncoding = 4; lastKnownFileType = sourcecode.swift; path = MYDirectColor.swift; sourceTree = "<group>"; };
		3D9666A31CACCDD500F22B88 /* MYPreset.swift */ = {isa = PBXFileReference; fileEncoding = 4; lastKnownFileType = sourcecode.swift; path = MYPreset.swift; sourceTree = "<group>"; };
		3D9666A51CB36B3700F22B88 /* ColorImageView.swift */ = {isa = PBXFileReference; fileEncoding = 4; lastKnownFileType = sourcecode.swift; path = ColorImageView.swift; sourceTree = "<group>"; };
/* End PBXFileReference section */

/* Begin PBXFrameworksBuildPhase section */
		3D82D08D1C9C2DB2001B4494 /* Frameworks */ = {
			isa = PBXFrameworksBuildPhase;
			buildActionMask = 2147483647;
			files = (
			);
			runOnlyForDeploymentPostprocessing = 0;
		};
/* End PBXFrameworksBuildPhase section */

/* Begin PBXGroup section */
		3D82D0871C9C2DB2001B4494 = {
			isa = PBXGroup;
			children = (
				3D82D0921C9C2DB2001B4494 /* Motion */,
				3D82D0911C9C2DB2001B4494 /* Products */,
			);
			sourceTree = "<group>";
		};
		3D82D0911C9C2DB2001B4494 /* Products */ = {
			isa = PBXGroup;
			children = (
				3D82D0901C9C2DB2001B4494 /* Motion.app */,
			);
			name = Products;
			sourceTree = "<group>";
		};
		3D82D0921C9C2DB2001B4494 /* Motion */ = {
			isa = PBXGroup;
			children = (
				3D82D0931C9C2DB2001B4494 /* AppDelegate.swift */,
				3D82D0951C9C2DB2001B4494 /* ViewController.swift */,
				3D82D0971C9C2DB2001B4494 /* Main.storyboard */,
				3D244B531CC042FA00BC0BE2 /* ColorChengeView.swift */,
				3D96669E1CAA2A9B00F22B88 /* MYColor.swift */,
				3D9666A11CAB80CA00F22B88 /* MYDirectColor.swift */,
				3D9666A31CACCDD500F22B88 /* MYPreset.swift */,
				3D9666A51CB36B3700F22B88 /* ColorImageView.swift */,
				3D82D09A1C9C2DB2001B4494 /* Assets.xcassets */,
				3D82D09C1C9C2DB2001B4494 /* LaunchScreen.storyboard */,
				3D82D09F1C9C2DB2001B4494 /* Info.plist */,
			);
			path = Motion;
			sourceTree = "<group>";
		};
/* End PBXGroup section */

/* Begin PBXNativeTarget section */
		3D82D08F1C9C2DB2001B4494 /* Motion */ = {
			isa = PBXNativeTarget;
			buildConfigurationList = 3D82D0A21C9C2DB2001B4494 /* Build configuration list for PBXNativeTarget "Motion" */;
			buildPhases = (
				3D82D08C1C9C2DB2001B4494 /* Sources */,
				3D82D08D1C9C2DB2001B4494 /* Frameworks */,
				3D82D08E1C9C2DB2001B4494 /* Resources */,
			);
			buildRules = (
			);
			dependencies = (
			);
			name = Motion;
			productName = Motion;
			productReference = 3D82D0901C9C2DB2001B4494 /* Motion.app */;
			productType = "com.apple.product-type.application";
		};
/* End PBXNativeTarget section */

/* Begin PBXProject section */
		3D82D0881C9C2DB2001B4494 /* Project object */ = {
			isa = PBXProject;
			attributes = {
				LastSwiftUpdateCheck = 0720;
				LastUpgradeCheck = 0720;
				ORGANIZATIONNAME = youringtone;
				TargetAttributes = {
					3D82D08F1C9C2DB2001B4494 = {
						CreatedOnToolsVersion = 7.2.1;
					};
				};
			};
			buildConfigurationList = 3D82D08B1C9C2DB2001B4494 /* Build configuration list for PBXProject "Motion" */;
			compatibilityVersion = "Xcode 3.2";
			developmentRegion = English;
			hasScannedForEncodings = 0;
			knownRegions = (
				en,
				Base,
			);
			mainGroup = 3D82D0871C9C2DB2001B4494;
			productRefGroup = 3D82D0911C9C2DB2001B4494 /* Products */;
			projectDirPath = "";
			projectRoot = "";
			targets = (
				3D82D08F1C9C2DB2001B4494 /* Motion */,
			);
		};
/* End PBXProject section */

/* Begin PBXResourcesBuildPhase section */
		3D82D08E1C9C2DB2001B4494 /* Resources */ = {
			isa = PBXResourcesBuildPhase;
			buildActionMask = 2147483647;
			files = (
				3D82D09E1C9C2DB2001B4494 /* LaunchScreen.storyboard in Resources */,
				3D82D09B1C9C2DB2001B4494 /* Assets.xcassets in Resources */,
				3D82D0991C9C2DB2001B4494 /* Main.storyboard in Resources */,
			);
			runOnlyForDeploymentPostprocessing = 0;
		};
/* End PBXResourcesBuildPhase section */

/* Begin PBXSourcesBuildPhase section */
		3D82D08C1C9C2DB2001B4494 /* Sources */ = {
			isa = PBXSourcesBuildPhase;
			buildActionMask = 2147483647;
			files = (
				3D9666A41CACCDD500F22B88 /* MYPreset.swift in Sources */,
				3D244B541CC042FA00BC0BE2 /* ColorChengeView.swift in Sources */,
				3D82D0961C9C2DB2001B4494 /* ViewController.swift in Sources */,
				3D96669F1CAA2A9B00F22B88 /* MYColor.swift in Sources */,
				3D9666A21CAB80CA00F22B88 /* MYDirectColor.swift in Sources */,
				3D9666A61CB36B3700F22B88 /* ColorImageView.swift in Sources */,
				3D82D0941C9C2DB2001B4494 /* AppDelegate.swift in Sources */,
			);
			runOnlyForDeploymentPostprocessing = 0;
		};
/* End PBXSourcesBuildPhase section */

/* Begin PBXVariantGroup section */
		3D82D0971C9C2DB2001B4494 /* Main.storyboard */ = {
			isa = PBXVariantGroup;
			children = (
				3D82D0981C9C2DB2001B4494 /* Base */,
			);
			name = Main.storyboard;
			sourceTree = "<group>";
		};
		3D82D09C1C9C2DB2001B4494 /* LaunchScreen.storyboard */ = {
			isa = PBXVariantGroup;
			children = (
				3D82D09D1C9C2DB2001B4494 /* Base */,
			);
			name = LaunchScreen.storyboard;
			sourceTree = "<group>";
		};
/* End PBXVariantGroup section */

/* Begin XCBuildConfiguration section */
		3D82D0A01C9C2DB2001B4494 /* Debug */ = {
			isa = XCBuildConfiguration;
			buildSettings = {
				ALWAYS_SEARCH_USER_PATHS = NO;
				CLANG_CXX_LANGUAGE_STANDARD = "gnu++0x";
				CLANG_CXX_LIBRARY = "libc++";
				CLANG_ENABLE_MODULES = YES;
				CLANG_ENABLE_OBJC_ARC = YES;
				CLANG_WARN_BOOL_CONVERSION = YES;
				CLANG_WARN_CONSTANT_CONVERSION = YES;
				CLANG_WARN_DIRECT_OBJC_ISA_USAGE = YES_ERROR;
				CLANG_WARN_EMPTY_BODY = YES;
				CLANG_WARN_ENUM_CONVERSION = YES;
				CLANG_WARN_INT_CONVERSION = YES;
				CLANG_WARN_OBJC_ROOT_CLASS = YES_ERROR;
				CLANG_WARN_UNREACHABLE_CODE = YES;
				CLANG_WARN__DUPLICATE_METHOD_MATCH = YES;
				"CODE_SIGN_IDENTITY[sdk=iphoneos*]" = "iPhone Developer";
				COPY_PHASE_STRIP = NO;
				DEBUG_INFORMATION_FORMAT = dwarf;
				ENABLE_STRICT_OBJC_MSGSEND = YES;
				ENABLE_TESTABILITY = YES;
				GCC_C_LANGUAGE_STANDARD = gnu99;
				GCC_DYNAMIC_NO_PIC = NO;
				GCC_NO_COMMON_BLOCKS = YES;
				GCC_OPTIMIZATION_LEVEL = 0;
				GCC_PREPROCESSOR_DEFINITIONS = (
					"DEBUG=1",
					"$(inherited)",
				);
				GCC_WARN_64_TO_32_BIT_CONVERSION = YES;
				GCC_WARN_ABOUT_RETURN_TYPE = YES_ERROR;
				GCC_WARN_UNDECLARED_SELECTOR = YES;
				GCC_WARN_UNINITIALIZED_AUTOS = YES_AGGRESSIVE;
				GCC_WARN_UNUSED_FUNCTION = YES;
				GCC_WARN_UNUSED_VARIABLE = YES;
				IPHONEOS_DEPLOYMENT_TARGET = 9.2;
				MTL_ENABLE_DEBUG_INFO = YES;
				ONLY_ACTIVE_ARCH = YES;
				SDKROOT = iphoneos;
				SWIFT_OPTIMIZATION_LEVEL = "-Onone";
			};
			name = Debug;
		};
		3D82D0A11C9C2DB2001B4494 /* Release */ = {
			isa = XCBuildConfiguration;
			buildSettings = {
				ALWAYS_SEARCH_USER_PATHS = NO;
				CLANG_CXX_LANGUAGE_STANDARD = "gnu++0x";
				CLANG_CXX_LIBRARY = "libc++";
				CLANG_ENABLE_MODULES = YES;
				CLANG_ENABLE_OBJC_ARC = YES;
				CLANG_WARN_BOOL_CONVERSION = YES;
				CLANG_WARN_CONSTANT_CONVERSION = YES;
				CLANG_WARN_DIRECT_OBJC_ISA_USAGE = YES_ERROR;
				CLANG_WARN_EMPTY_BODY = YES;
				CLANG_WARN_ENUM_CONVERSION = YES;
				CLANG_WARN_INT_CONVERSION = YES;
				CLANG_WARN_OBJC_ROOT_CLASS = YES_ERROR;
				CLANG_WARN_UNREACHABLE_CODE = YES;
				CLANG_WARN__DUPLICATE_METHOD_MATCH = YES;
				"CODE_SIGN_IDENTITY[sdk=iphoneos*]" = "iPhone Developer";
				COPY_PHASE_STRIP = NO;
				DEBUG_INFORMATION_FORMAT = "dwarf-with-dsym";
				ENABLE_NS_ASSERTIONS = NO;
				ENABLE_STRICT_OBJC_MSGSEND = YES;
				GCC_C_LANGUAGE_STANDARD = gnu99;
				GCC_NO_COMMON_BLOCKS = YES;
				GCC_WARN_64_TO_32_BIT_CONVERSION = YES;
				GCC_WARN_ABOUT_RETURN_TYPE = YES_ERROR;
				GCC_WARN_UNDECLARED_SELECTOR = YES;
				GCC_WARN_UNINITIALIZED_AUTOS = YES_AGGRESSIVE;
				GCC_WARN_UNUSED_FUNCTION = YES;
				GCC_WARN_UNUSED_VARIABLE = YES;
				IPHONEOS_DEPLOYMENT_TARGET = 9.2;
				MTL_ENABLE_DEBUG_INFO = NO;
				SDKROOT = iphoneos;
				VALIDATE_PRODUCT = YES;
			};
			name = Release;
		};
		3D82D0A31C9C2DB2001B4494 /* Debug */ = {
			isa = XCBuildConfiguration;
			buildSettings = {
				ASSETCATALOG_COMPILER_APPICON_NAME = AppIcon;
				INFOPLIST_FILE = Motion/Info.plist;
				LD_RUNPATH_SEARCH_PATHS = "$(inherited) @executable_path/Frameworks";
				PRODUCT_BUNDLE_IDENTIFIER = tone.youring.Motion;
				PRODUCT_NAME = "$(TARGET_NAME)";
			};
			name = Debug;
		};
		3D82D0A41C9C2DB2001B4494 /* Release */ = {
			isa = XCBuildConfiguration;
			buildSettings = {
				ASSETCATALOG_COMPILER_APPICON_NAME = AppIcon;
				INFOPLIST_FILE = Motion/Info.plist;
				LD_RUNPATH_SEARCH_PATHS = "$(inherited) @executable_path/Frameworks";
				PRODUCT_BUNDLE_IDENTIFIER = tone.youring.Motion;
				PRODUCT_NAME = "$(TARGET_NAME)";
			};
			name = Release;
		};
/* End XCBuildConfiguration section */

/* Begin XCConfigurationList section */
		3D82D08B1C9C2DB2001B4494 /* Build configuration list for PBXProject "Motion" */ = {
			isa = XCConfigurationList;
			buildConfigurations = (
				3D82D0A01C9C2DB2001B4494 /* Debug */,
				3D82D0A11C9C2DB2001B4494 /* Release */,
			);
			defaultConfigurationIsVisible = 0;
			defaultConfigurationName = Release;
		};
		3D82D0A21C9C2DB2001B4494 /* Build configuration list for PBXNativeTarget "Motion" */ = {
			isa = XCConfigurationList;
			buildConfigurations = (
				3D82D0A31C9C2DB2001B4494 /* Debug */,
				3D82D0A41C9C2DB2001B4494 /* Release */,
			);
			defaultConfigurationIsVisible = 0;
			defaultConfigurationName = Release;
		};
/* End XCConfigurationList section */
	};
	rootObject = 3D82D0881C9C2DB2001B4494 /* Project object */;
}
